
Microsoft Visual Studio Solution File, Format Version 12.00
# Visual Studio 15
VisualStudioVersion = 15.0.26403.7
MinimumVisualStudioVersion = 10.0.40219.1
Project("{FAE04EC0-301F-11D3-BF4B-00C04F79EFBC}") = "Decisions", "Decisions\Decisions.csproj", "{57CF01D8-5A0D-4BCD-ADDF-16CAA0F3AF85}"
EndProject
Project("{2150E333-8FDC-42A3-9474-1A3956D46DE8}") = "tester", "tester", "{5E0C7CF7-2759-493B-85A1-6F47E5614FDE}"
	ProjectSection(SolutionItems) = preProject
		testAge.cs = testAge.cs
	EndProjectSection
EndProject
Global
	GlobalSection(SolutionConfigurationPlatforms) = preSolution
		Debug|Any CPU = Debug|Any CPU
		Release|Any CPU = Release|Any CPU
	EndGlobalSection
	GlobalSection(ProjectConfigurationPlatforms) = postSolution
		{57CF01D8-5A0D-4BCD-ADDF-16CAA0F3AF85}.Debug|Any CPU.ActiveCfg = Debug|Any CPU
		{57CF01D8-5A0D-4BCD-ADDF-16CAA0F3AF85}.Debug|Any CPU.Build.0 = Debug|Any CPU
		{57CF01D8-5A0D-4BCD-ADDF-16CAA0F3AF85}.Release|Any CPU.ActiveCfg = Release|Any CPU
		{57CF01D8-5A0D-4BCD-ADDF-16CAA0F3AF85}.Release|Any CPU.Build.0 = Release|Any CPU
	EndGlobalSection
	GlobalSection(SolutionProperties) = preSolution
		HideSolutionNode = FALSE
	EndGlobalSection
EndGlobal
